
Microsoft Visual Studio Solution File, Format Version 12.00
# Visual Studio Version 16
VisualStudioVersion = 16.0.30320.27
MinimumVisualStudioVersion = 10.0.40219.1
Project("{8BC9CEB8-8B4A-11D0-8D11-00A0C91BC942}") = "RayTracer2.0", "RayTracer2.0\RayTracer2.0.vcxproj", "{7440C084-E30E-4EAB-A568-9FC5650CAB8A}"
EndProject
Project("{8BC9CEB8-8B4A-11D0-8D11-00A0C91BC942}") = "UnitTests", "UnitTests\UnitTests.vcxproj", "{E56C9AD2-53D1-4C7C-98E1-2CB9FCF0B113}"
EndProject
Project("{8BC9CEB8-8B4A-11D0-8D11-00A0C91BC942}") = "TestApp", "TestApp\TestApp.vcxproj", "{A00326A2-0743-4737-BC21-AF20F0A83DC1}"
EndProject
Global
	GlobalSection(SolutionConfigurationPlatforms) = preSolution
		Debug|x64 = Debug|x64
		Debug|x86 = Debug|x86
		Release|x64 = Release|x64
		Release|x86 = Release|x86
	EndGlobalSection
	GlobalSection(ProjectConfigurationPlatforms) = postSolution
		{7440C084-E30E-4EAB-A568-9FC5650CAB8A}.Debug|x64.ActiveCfg = Debug|x64
		{7440C084-E30E-4EAB-A568-9FC5650CAB8A}.Debug|x64.Build.0 = Debug|x64
		{7440C084-E30E-4EAB-A568-9FC5650CAB8A}.Debug|x86.ActiveCfg = Debug|Win32
		{7440C084-E30E-4EAB-A568-9FC5650CAB8A}.Debug|x86.Build.0 = Debug|Win32
		{7440C084-E30E-4EAB-A568-9FC5650CAB8A}.Release|x64.ActiveCfg = Release|x64
		{7440C084-E30E-4EAB-A568-9FC5650CAB8A}.Release|x64.Build.0 = Release|x64
		{7440C084-E30E-4EAB-A568-9FC5650CAB8A}.Release|x86.ActiveCfg = Release|Win32
		{7440C084-E30E-4EAB-A568-9FC5650CAB8A}.Release|x86.Build.0 = Release|Win32
		{E56C9AD2-53D1-4C7C-98E1-2CB9FCF0B113}.Debug|x64.ActiveCfg = Debug|x64
		{E56C9AD2-53D1-4C7C-98E1-2CB9FCF0B113}.Debug|x64.Build.0 = Debug|x64
		{E56C9AD2-53D1-4C7C-98E1-2CB9FCF0B113}.Debug|x86.ActiveCfg = Debug|Win32
		{E56C9AD2-53D1-4C7C-98E1-2CB9FCF0B113}.Debug|x86.Build.0 = Debug|Win32
		{E56C9AD2-53D1-4C7C-98E1-2CB9FCF0B113}.Release|x64.ActiveCfg = Release|x64
		{E56C9AD2-53D1-4C7C-98E1-2CB9FCF0B113}.Release|x64.Build.0 = Release|x64
		{E56C9AD2-53D1-4C7C-98E1-2CB9FCF0B113}.Release|x86.ActiveCfg = Release|Win32
		{E56C9AD2-53D1-4C7C-98E1-2CB9FCF0B113}.Release|x86.Build.0 = Release|Win32
		{A00326A2-0743-4737-BC21-AF20F0A83DC1}.Debug|x64.ActiveCfg = Debug|x64
		{A00326A2-0743-4737-BC21-AF20F0A83DC1}.Debug|x64.Build.0 = Debug|x64
		{A00326A2-0743-4737-BC21-AF20F0A83DC1}.Debug|x86.ActiveCfg = Debug|Win32
		{A00326A2-0743-4737-BC21-AF20F0A83DC1}.Debug|x86.Build.0 = Debug|Win32
		{A00326A2-0743-4737-BC21-AF20F0A83DC1}.Release|x64.ActiveCfg = Release|x64
		{A00326A2-0743-4737-BC21-AF20F0A83DC1}.Release|x64.Build.0 = Release|x64
		{A00326A2-0743-4737-BC21-AF20F0A83DC1}.Release|x86.ActiveCfg = Release|Win32
		{A00326A2-0743-4737-BC21-AF20F0A83DC1}.Release|x86.Build.0 = Release|Win32
	EndGlobalSection
	GlobalSection(SolutionProperties) = preSolution
		HideSolutionNode = FALSE
	EndGlobalSection
	GlobalSection(ExtensibilityGlobals) = postSolution
		SolutionGuid = {3D609544-1145-4846-8156-6B6D6CC91738}
	EndGlobalSection
EndGlobal
